
Microsoft Visual Studio Solution File, Format Version 12.00
# Visual Studio Version 17
VisualStudioVersion = 17.8.34322.80
MinimumVisualStudioVersion = 10.0.40219.1
Project("{9A19103F-16F7-4668-BE54-9A1E7A4F7556}") = "CompanyEmployees", "CompanyEmployees\CompanyEmployees.csproj", "{D0183AFF-A3A3-4322-893F-ADCF08550FF7}"
EndProject
Project("{2150E333-8FDC-42A3-9474-1A3956D46DE8}") = "Solution Items", "Solution Items", "{C2EA715B-D861-40B1-BC68-397ACC8917F7}"
EndProject
Project("{9A19103F-16F7-4668-BE54-9A1E7A4F7556}") = "MiddlewareExample", "MiddlewareExample\MiddlewareExample.csproj", "{FCD57EE8-6C19-45D8-B0C0-870E67BE0E17}"
EndProject
Project("{9A19103F-16F7-4668-BE54-9A1E7A4F7556}") = "Contracts", "Contracts\Contracts.csproj", "{BC537813-3AA6-42C4-BAD0-105259549A6F}"
EndProject
Project("{9A19103F-16F7-4668-BE54-9A1E7A4F7556}") = "LoggerService", "LoggerService\LoggerService.csproj", "{D409A0BF-ACF0-409E-8597-3CB7FD0C3B61}"
EndProject
Project("{9A19103F-16F7-4668-BE54-9A1E7A4F7556}") = "Entities", "Entities\Entities.csproj", "{88C75073-E8B7-452E-8CAF-6A6B4841B638}"
EndProject
Project("{9A19103F-16F7-4668-BE54-9A1E7A4F7556}") = "Repository", "Repository\Repository.csproj", "{03C4FD31-7909-4B5F-ACBE-681994E16BB9}"
EndProject
Project("{9A19103F-16F7-4668-BE54-9A1E7A4F7556}") = "Service.Contracts", "Service.Contracts\Service.Contracts.csproj", "{C331BBA7-4F40-4640-8DE7-8A005D17BF98}"
EndProject
Project("{9A19103F-16F7-4668-BE54-9A1E7A4F7556}") = "Service", "Service\Service.csproj", "{8920F286-5F68-4B2C-B6F9-68FB4C8D84DF}"
EndProject
Project("{9A19103F-16F7-4668-BE54-9A1E7A4F7556}") = "CompanyEmployees.Presentation", "CompanyEmployees.Presentation\CompanyEmployees.Presentation.csproj", "{9FB8F4D5-249D-4D9D-B2A2-22619037AE37}"
EndProject
Project("{9A19103F-16F7-4668-BE54-9A1E7A4F7556}") = "Shared", "Shared\Shared.csproj", "{A8B88B0D-9374-4419-9948-E6A93F626FCF}"
EndProject
Project("{2150E333-8FDC-42A3-9474-1A3956D46DE8}") = "ActionFilters", "ActionFilters", "{E015E8D4-6251-4886-B678-8452DBE81D32}"
EndProject
Global
	GlobalSection(SolutionConfigurationPlatforms) = preSolution
		Debug|Any CPU = Debug|Any CPU
		Release|Any CPU = Release|Any CPU
	EndGlobalSection
	GlobalSection(ProjectConfigurationPlatforms) = postSolution
		{D0183AFF-A3A3-4322-893F-ADCF08550FF7}.Debug|Any CPU.ActiveCfg = Debug|Any CPU
		{D0183AFF-A3A3-4322-893F-ADCF08550FF7}.Debug|Any CPU.Build.0 = Debug|Any CPU
		{D0183AFF-A3A3-4322-893F-ADCF08550FF7}.Release|Any CPU.ActiveCfg = Release|Any CPU
		{D0183AFF-A3A3-4322-893F-ADCF08550FF7}.Release|Any CPU.Build.0 = Release|Any CPU
		{FCD57EE8-6C19-45D8-B0C0-870E67BE0E17}.Debug|Any CPU.ActiveCfg = Debug|Any CPU
		{FCD57EE8-6C19-45D8-B0C0-870E67BE0E17}.Debug|Any CPU.Build.0 = Debug|Any CPU
		{FCD57EE8-6C19-45D8-B0C0-870E67BE0E17}.Release|Any CPU.ActiveCfg = Release|Any CPU
		{FCD57EE8-6C19-45D8-B0C0-870E67BE0E17}.Release|Any CPU.Build.0 = Release|Any CPU
		{BC537813-3AA6-42C4-BAD0-105259549A6F}.Debug|Any CPU.ActiveCfg = Debug|Any CPU
		{BC537813-3AA6-42C4-BAD0-105259549A6F}.Debug|Any CPU.Build.0 = Debug|Any CPU
		{BC537813-3AA6-42C4-BAD0-105259549A6F}.Release|Any CPU.ActiveCfg = Release|Any CPU
		{BC537813-3AA6-42C4-BAD0-105259549A6F}.Release|Any CPU.Build.0 = Release|Any CPU
		{D409A0BF-ACF0-409E-8597-3CB7FD0C3B61}.Debug|Any CPU.ActiveCfg = Debug|Any CPU
		{D409A0BF-ACF0-409E-8597-3CB7FD0C3B61}.Debug|Any CPU.Build.0 = Debug|Any CPU
		{D409A0BF-ACF0-409E-8597-3CB7FD0C3B61}.Release|Any CPU.ActiveCfg = Release|Any CPU
		{D409A0BF-ACF0-409E-8597-3CB7FD0C3B61}.Release|Any CPU.Build.0 = Release|Any CPU
		{88C75073-E8B7-452E-8CAF-6A6B4841B638}.Debug|Any CPU.ActiveCfg = Debug|Any CPU
		{88C75073-E8B7-452E-8CAF-6A6B4841B638}.Debug|Any CPU.Build.0 = Debug|Any CPU
		{88C75073-E8B7-452E-8CAF-6A6B4841B638}.Release|Any CPU.ActiveCfg = Release|Any CPU
		{88C75073-E8B7-452E-8CAF-6A6B4841B638}.Release|Any CPU.Build.0 = Release|Any CPU
		{03C4FD31-7909-4B5F-ACBE-681994E16BB9}.Debug|Any CPU.ActiveCfg = Debug|Any CPU
		{03C4FD31-7909-4B5F-ACBE-681994E16BB9}.Debug|Any CPU.Build.0 = Debug|Any CPU
		{03C4FD31-7909-4B5F-ACBE-681994E16BB9}.Release|Any CPU.ActiveCfg = Release|Any CPU
		{03C4FD31-7909-4B5F-ACBE-681994E16BB9}.Release|Any CPU.Build.0 = Release|Any CPU
		{C331BBA7-4F40-4640-8DE7-8A005D17BF98}.Debug|Any CPU.ActiveCfg = Debug|Any CPU
		{C331BBA7-4F40-4640-8DE7-8A005D17BF98}.Debug|Any CPU.Build.0 = Debug|Any CPU
		{C331BBA7-4F40-4640-8DE7-8A005D17BF98}.Release|Any CPU.ActiveCfg = Release|Any CPU
		{C331BBA7-4F40-4640-8DE7-8A005D17BF98}.Release|Any CPU.Build.0 = Release|Any CPU
		{8920F286-5F68-4B2C-B6F9-68FB4C8D84DF}.Debug|Any CPU.ActiveCfg = Debug|Any CPU
		{8920F286-5F68-4B2C-B6F9-68FB4C8D84DF}.Debug|Any CPU.Build.0 = Debug|Any CPU
		{8920F286-5F68-4B2C-B6F9-68FB4C8D84DF}.Release|Any CPU.ActiveCfg = Release|Any CPU
		{8920F286-5F68-4B2C-B6F9-68FB4C8D84DF}.Release|Any CPU.Build.0 = Release|Any CPU
		{9FB8F4D5-249D-4D9D-B2A2-22619037AE37}.Debug|Any CPU.ActiveCfg = Debug|Any CPU
		{9FB8F4D5-249D-4D9D-B2A2-22619037AE37}.Debug|Any CPU.Build.0 = Debug|Any CPU
		{9FB8F4D5-249D-4D9D-B2A2-22619037AE37}.Release|Any CPU.ActiveCfg = Release|Any CPU
		{9FB8F4D5-249D-4D9D-B2A2-22619037AE37}.Release|Any CPU.Build.0 = Release|Any CPU
		{A8B88B0D-9374-4419-9948-E6A93F626FCF}.Debug|Any CPU.ActiveCfg = Debug|Any CPU
		{A8B88B0D-9374-4419-9948-E6A93F626FCF}.Debug|Any CPU.Build.0 = Debug|Any CPU
		{A8B88B0D-9374-4419-9948-E6A93F626FCF}.Release|Any CPU.ActiveCfg = Release|Any CPU
		{A8B88B0D-9374-4419-9948-E6A93F626FCF}.Release|Any CPU.Build.0 = Release|Any CPU
	EndGlobalSection
	GlobalSection(SolutionProperties) = preSolution
		HideSolutionNode = FALSE
	EndGlobalSection
	GlobalSection(NestedProjects) = preSolution
		{FCD57EE8-6C19-45D8-B0C0-870E67BE0E17} = {C2EA715B-D861-40B1-BC68-397ACC8917F7}
	EndGlobalSection
	GlobalSection(ExtensibilityGlobals) = postSolution
		SolutionGuid = {A32B8A90-E167-418B-A138-21E69B9C5EA6}
	EndGlobalSection
EndGlobal
